
Microsoft Visual Studio Solution File, Format Version 12.00
# Visual Studio Version 16
VisualStudioVersion = 16.0.29001.49
MinimumVisualStudioVersion = 10.0.40219.1
Project("{FAE04EC0-301F-11D3-BF4B-00C04F79EFBC}") = "Consultorio", "Consultorio\Consultorio.csproj", "{A9F6BCBB-9A69-4619-987A-E932B045EE49}"
EndProject
Global
	GlobalSection(SolutionConfigurationPlatforms) = preSolution
		Debug|Any CPU = Debug|Any CPU
		Release|Any CPU = Release|Any CPU
	EndGlobalSection
	GlobalSection(ProjectConfigurationPlatforms) = postSolution
		{A9F6BCBB-9A69-4619-987A-E932B045EE49}.Debug|Any CPU.ActiveCfg = Debug|Any CPU
		{A9F6BCBB-9A69-4619-987A-E932B045EE49}.Debug|Any CPU.Build.0 = Debug|Any CPU
		{A9F6BCBB-9A69-4619-987A-E932B045EE49}.Release|Any CPU.ActiveCfg = Release|Any CPU
		{A9F6BCBB-9A69-4619-987A-E932B045EE49}.Release|Any CPU.Build.0 = Release|Any CPU
	EndGlobalSection
	GlobalSection(SolutionProperties) = preSolution
		HideSolutionNode = FALSE
	EndGlobalSection
	GlobalSection(ExtensibilityGlobals) = postSolution
		SolutionGuid = {E3B4C087-9BA0-408D-BE00-77CBF7334EA8}
	EndGlobalSection
EndGlobal
